
Microsoft Visual Studio Solution File, Format Version 12.00
# Visual Studio Version 17
VisualStudioVersion = 17.11.35208.52
MinimumVisualStudioVersion = 10.0.40219.1
Project("{FAE04EC0-301F-11D3-BF4B-00C04F79EFBC}") = "Server", "Server\Server.csproj", "{3251F386-2884-4111-83CC-277FD77E7603}"
EndProject
Global
	GlobalSection(SolutionConfigurationPlatforms) = preSolution
		Debug|Any CPU = Debug|Any CPU
		Release|Any CPU = Release|Any CPU
	EndGlobalSection
	GlobalSection(ProjectConfigurationPlatforms) = postSolution
		{3251F386-2884-4111-83CC-277FD77E7603}.Debug|Any CPU.ActiveCfg = Debug|Any CPU
		{3251F386-2884-4111-83CC-277FD77E7603}.Debug|Any CPU.Build.0 = Debug|Any CPU
		{3251F386-2884-4111-83CC-277FD77E7603}.Release|Any CPU.ActiveCfg = Release|Any CPU
		{3251F386-2884-4111-83CC-277FD77E7603}.Release|Any CPU.Build.0 = Release|Any CPU
	EndGlobalSection
	GlobalSection(SolutionProperties) = preSolution
		HideSolutionNode = FALSE
	EndGlobalSection
	GlobalSection(ExtensibilityGlobals) = postSolution
		SolutionGuid = {2DCF3EB8-534F-4FA9-8F2C-1F13EA4892AF}
	EndGlobalSection
EndGlobal
